
Microsoft Visual Studio Solution File, Format Version 12.00
# Visual Studio Version 17
VisualStudioVersion = 17.1.32407.343
MinimumVisualStudioVersion = 10.0.40219.1
Project("{9A19103F-16F7-4668-BE54-9A1E7A4F7556}") = "BBD_Production_New", "..\BBD_Production_Dev\BBD_Production_New.csproj", "{3B74E54D-1F3D-40A6-BE29-4C31CF9E3002}"
EndProject
Project("{9A19103F-16F7-4668-BE54-9A1E7A4F7556}") = "APIGateway", "..\BBD_Solution\3.Hosts\APIGateway\APIGateway.csproj", "{EB87E004-2109-46B9-AED9-00C86BFE541A}"
EndProject
Project("{9A19103F-16F7-4668-BE54-9A1E7A4F7556}") = "Quotation", "..\BBD_Solution\3.Hosts\Quotation\Quotation.csproj", "{A6CC15C7-012B-49F3-9F34-B5AD3E23349C}"
EndProject
Project("{9A19103F-16F7-4668-BE54-9A1E7A4F7556}") = "Data", "..\BBD_Solution\2.Domain\Models\Data.csproj", "{07AEAE6E-EF1B-4CFB-818C-DD266FBACFDB}"
EndProject
Project("{9A19103F-16F7-4668-BE54-9A1E7A4F7556}") = "Application", "..\BBD_Solution\2.Domain\Application\Application.csproj", "{2969C310-E58C-45FC-A1F0-9D4E2AB2DAF5}"
EndProject
Project("{9A19103F-16F7-4668-BE54-9A1E7A4F7556}") = "Utilities", "..\BBD_Solution\1.Infrastrure\Utilities\Utilities.csproj", "{2A9EA658-8520-4925-8A66-4C7B067F08F8}"
EndProject
Project("{9A19103F-16F7-4668-BE54-9A1E7A4F7556}") = "ViewModels", "..\BBD_Solution\1.Infrastrure\ViewModels\ViewModels.csproj", "{3EC44BA5-08DD-491C-A0BB-0CF89748F2E8}"
EndProject
Project("{2150E333-8FDC-42A3-9474-1A3956D46DE8}") = "1.Infrastrure", "1.Infrastrure", "{C1A4423D-D37F-41AC-84D0-D553D49D9DF0}"
EndProject
Project("{2150E333-8FDC-42A3-9474-1A3956D46DE8}") = "2.Domain", "2.Domain", "{D4922191-D92D-48F1-AD73-FD69C294784E}"
EndProject
Project("{2150E333-8FDC-42A3-9474-1A3956D46DE8}") = "3.Hosts", "3.Hosts", "{6C7DB2BB-7298-44A7-B651-48CA5799C563}"
EndProject
Project("{9A19103F-16F7-4668-BE54-9A1E7A4F7556}") = "PaperAPI", "..\BBD_Solution\3.Hosts\PaperAPI\PaperAPI.csproj", "{F0CA9633-BDBF-483A-BC81-801C9329E760}"
EndProject
Project("{9A19103F-16F7-4668-BE54-9A1E7A4F7556}") = "ApiIntergration", "..\BBD_Solution\3.Hosts\ApiIntergration\ApiIntergration.csproj", "{DBE7EC81-B2B3-472C-B434-B5698686AFB4}"
EndProject
Project("{9A19103F-16F7-4668-BE54-9A1E7A4F7556}") = "QuotationAPI", "..\BBD_Solution\3.Hosts\QuotationAPI\QuotationAPI.csproj", "{DB8970AD-EA9A-411D-BC79-7E80C8242529}"
EndProject
Project("{9A19103F-16F7-4668-BE54-9A1E7A4F7556}") = "SystemAPI", "..\BBD_Solution\3.Hosts\SystemAPI\SystemAPI.csproj", "{338383D7-8812-4095-BD19-1ED3E957BC72}"
EndProject
Project("{FAE04EC0-301F-11D3-BF4B-00C04F79EFBC}") = "MaterialAPI", "..\BBD_Solution\3.Hosts\MaterialAPI\MaterialAPI.csproj", "{1BD7180E-1DC0-4A4F-A4A1-829603058F6F}"
EndProject
Global
	GlobalSection(SolutionConfigurationPlatforms) = preSolution
		Debug|Any CPU = Debug|Any CPU
		Debug|x86 = Debug|x86
		Release|Any CPU = Release|Any CPU
		Release|x86 = Release|x86
	EndGlobalSection
	GlobalSection(ProjectConfigurationPlatforms) = postSolution
		{3B74E54D-1F3D-40A6-BE29-4C31CF9E3002}.Debug|Any CPU.ActiveCfg = Debug|Any CPU
		{3B74E54D-1F3D-40A6-BE29-4C31CF9E3002}.Debug|Any CPU.Build.0 = Debug|Any CPU
		{3B74E54D-1F3D-40A6-BE29-4C31CF9E3002}.Debug|x86.ActiveCfg = Debug|Any CPU
		{3B74E54D-1F3D-40A6-BE29-4C31CF9E3002}.Debug|x86.Build.0 = Debug|Any CPU
		{3B74E54D-1F3D-40A6-BE29-4C31CF9E3002}.Release|Any CPU.ActiveCfg = Release|Any CPU
		{3B74E54D-1F3D-40A6-BE29-4C31CF9E3002}.Release|Any CPU.Build.0 = Release|Any CPU
		{3B74E54D-1F3D-40A6-BE29-4C31CF9E3002}.Release|x86.ActiveCfg = Release|Any CPU
		{3B74E54D-1F3D-40A6-BE29-4C31CF9E3002}.Release|x86.Build.0 = Release|Any CPU
		{EB87E004-2109-46B9-AED9-00C86BFE541A}.Debug|Any CPU.ActiveCfg = Debug|Any CPU
		{EB87E004-2109-46B9-AED9-00C86BFE541A}.Debug|Any CPU.Build.0 = Debug|Any CPU
		{EB87E004-2109-46B9-AED9-00C86BFE541A}.Debug|x86.ActiveCfg = Debug|Any CPU
		{EB87E004-2109-46B9-AED9-00C86BFE541A}.Debug|x86.Build.0 = Debug|Any CPU
		{EB87E004-2109-46B9-AED9-00C86BFE541A}.Release|Any CPU.ActiveCfg = Release|Any CPU
		{EB87E004-2109-46B9-AED9-00C86BFE541A}.Release|Any CPU.Build.0 = Release|Any CPU
		{EB87E004-2109-46B9-AED9-00C86BFE541A}.Release|x86.ActiveCfg = Release|Any CPU
		{EB87E004-2109-46B9-AED9-00C86BFE541A}.Release|x86.Build.0 = Release|Any CPU
		{A6CC15C7-012B-49F3-9F34-B5AD3E23349C}.Debug|Any CPU.ActiveCfg = Debug|Any CPU
		{A6CC15C7-012B-49F3-9F34-B5AD3E23349C}.Debug|Any CPU.Build.0 = Debug|Any CPU
		{A6CC15C7-012B-49F3-9F34-B5AD3E23349C}.Debug|x86.ActiveCfg = Debug|x86
		{A6CC15C7-012B-49F3-9F34-B5AD3E23349C}.Debug|x86.Build.0 = Debug|x86
		{A6CC15C7-012B-49F3-9F34-B5AD3E23349C}.Release|Any CPU.ActiveCfg = Release|Any CPU
		{A6CC15C7-012B-49F3-9F34-B5AD3E23349C}.Release|Any CPU.Build.0 = Release|Any CPU
		{A6CC15C7-012B-49F3-9F34-B5AD3E23349C}.Release|x86.ActiveCfg = Release|x86
		{A6CC15C7-012B-49F3-9F34-B5AD3E23349C}.Release|x86.Build.0 = Release|x86
		{07AEAE6E-EF1B-4CFB-818C-DD266FBACFDB}.Debug|Any CPU.ActiveCfg = Debug|Any CPU
		{07AEAE6E-EF1B-4CFB-818C-DD266FBACFDB}.Debug|Any CPU.Build.0 = Debug|Any CPU
		{07AEAE6E-EF1B-4CFB-818C-DD266FBACFDB}.Debug|x86.ActiveCfg = Debug|Any CPU
		{07AEAE6E-EF1B-4CFB-818C-DD266FBACFDB}.Debug|x86.Build.0 = Debug|Any CPU
		{07AEAE6E-EF1B-4CFB-818C-DD266FBACFDB}.Release|Any CPU.ActiveCfg = Release|Any CPU
		{07AEAE6E-EF1B-4CFB-818C-DD266FBACFDB}.Release|Any CPU.Build.0 = Release|Any CPU
		{07AEAE6E-EF1B-4CFB-818C-DD266FBACFDB}.Release|x86.ActiveCfg = Release|Any CPU
		{07AEAE6E-EF1B-4CFB-818C-DD266FBACFDB}.Release|x86.Build.0 = Release|Any CPU
		{2969C310-E58C-45FC-A1F0-9D4E2AB2DAF5}.Debug|Any CPU.ActiveCfg = Debug|Any CPU
		{2969C310-E58C-45FC-A1F0-9D4E2AB2DAF5}.Debug|Any CPU.Build.0 = Debug|Any CPU
		{2969C310-E58C-45FC-A1F0-9D4E2AB2DAF5}.Debug|x86.ActiveCfg = Debug|Any CPU
		{2969C310-E58C-45FC-A1F0-9D4E2AB2DAF5}.Debug|x86.Build.0 = Debug|Any CPU
		{2969C310-E58C-45FC-A1F0-9D4E2AB2DAF5}.Release|Any CPU.ActiveCfg = Release|Any CPU
		{2969C310-E58C-45FC-A1F0-9D4E2AB2DAF5}.Release|Any CPU.Build.0 = Release|Any CPU
		{2969C310-E58C-45FC-A1F0-9D4E2AB2DAF5}.Release|x86.ActiveCfg = Release|Any CPU
		{2969C310-E58C-45FC-A1F0-9D4E2AB2DAF5}.Release|x86.Build.0 = Release|Any CPU
		{2A9EA658-8520-4925-8A66-4C7B067F08F8}.Debug|Any CPU.ActiveCfg = Debug|Any CPU
		{2A9EA658-8520-4925-8A66-4C7B067F08F8}.Debug|Any CPU.Build.0 = Debug|Any CPU
		{2A9EA658-8520-4925-8A66-4C7B067F08F8}.Debug|x86.ActiveCfg = Debug|Any CPU
		{2A9EA658-8520-4925-8A66-4C7B067F08F8}.Debug|x86.Build.0 = Debug|Any CPU
		{2A9EA658-8520-4925-8A66-4C7B067F08F8}.Release|Any CPU.ActiveCfg = Release|Any CPU
		{2A9EA658-8520-4925-8A66-4C7B067F08F8}.Release|Any CPU.Build.0 = Release|Any CPU
		{2A9EA658-8520-4925-8A66-4C7B067F08F8}.Release|x86.ActiveCfg = Release|Any CPU
		{2A9EA658-8520-4925-8A66-4C7B067F08F8}.Release|x86.Build.0 = Release|Any CPU
		{3EC44BA5-08DD-491C-A0BB-0CF89748F2E8}.Debug|Any CPU.ActiveCfg = Debug|Any CPU
		{3EC44BA5-08DD-491C-A0BB-0CF89748F2E8}.Debug|Any CPU.Build.0 = Debug|Any CPU
		{3EC44BA5-08DD-491C-A0BB-0CF89748F2E8}.Debug|x86.ActiveCfg = Debug|Any CPU
		{3EC44BA5-08DD-491C-A0BB-0CF89748F2E8}.Debug|x86.Build.0 = Debug|Any CPU
		{3EC44BA5-08DD-491C-A0BB-0CF89748F2E8}.Release|Any CPU.ActiveCfg = Release|Any CPU
		{3EC44BA5-08DD-491C-A0BB-0CF89748F2E8}.Release|Any CPU.Build.0 = Release|Any CPU
		{3EC44BA5-08DD-491C-A0BB-0CF89748F2E8}.Release|x86.ActiveCfg = Release|Any CPU
		{3EC44BA5-08DD-491C-A0BB-0CF89748F2E8}.Release|x86.Build.0 = Release|Any CPU
		{F0CA9633-BDBF-483A-BC81-801C9329E760}.Debug|Any CPU.ActiveCfg = Debug|Any CPU
		{F0CA9633-BDBF-483A-BC81-801C9329E760}.Debug|Any CPU.Build.0 = Debug|Any CPU
		{F0CA9633-BDBF-483A-BC81-801C9329E760}.Debug|x86.ActiveCfg = Debug|Any CPU
		{F0CA9633-BDBF-483A-BC81-801C9329E760}.Debug|x86.Build.0 = Debug|Any CPU
		{F0CA9633-BDBF-483A-BC81-801C9329E760}.Release|Any CPU.ActiveCfg = Release|Any CPU
		{F0CA9633-BDBF-483A-BC81-801C9329E760}.Release|Any CPU.Build.0 = Release|Any CPU
		{F0CA9633-BDBF-483A-BC81-801C9329E760}.Release|x86.ActiveCfg = Release|Any CPU
		{F0CA9633-BDBF-483A-BC81-801C9329E760}.Release|x86.Build.0 = Release|Any CPU
		{DBE7EC81-B2B3-472C-B434-B5698686AFB4}.Debug|Any CPU.ActiveCfg = Debug|Any CPU
		{DBE7EC81-B2B3-472C-B434-B5698686AFB4}.Debug|Any CPU.Build.0 = Debug|Any CPU
		{DBE7EC81-B2B3-472C-B434-B5698686AFB4}.Debug|x86.ActiveCfg = Debug|Any CPU
		{DBE7EC81-B2B3-472C-B434-B5698686AFB4}.Debug|x86.Build.0 = Debug|Any CPU
		{DBE7EC81-B2B3-472C-B434-B5698686AFB4}.Release|Any CPU.ActiveCfg = Release|Any CPU
		{DBE7EC81-B2B3-472C-B434-B5698686AFB4}.Release|Any CPU.Build.0 = Release|Any CPU
		{DBE7EC81-B2B3-472C-B434-B5698686AFB4}.Release|x86.ActiveCfg = Release|Any CPU
		{DBE7EC81-B2B3-472C-B434-B5698686AFB4}.Release|x86.Build.0 = Release|Any CPU
		{DB8970AD-EA9A-411D-BC79-7E80C8242529}.Debug|Any CPU.ActiveCfg = Debug|Any CPU
		{DB8970AD-EA9A-411D-BC79-7E80C8242529}.Debug|Any CPU.Build.0 = Debug|Any CPU
		{DB8970AD-EA9A-411D-BC79-7E80C8242529}.Debug|x86.ActiveCfg = Debug|Any CPU
		{DB8970AD-EA9A-411D-BC79-7E80C8242529}.Debug|x86.Build.0 = Debug|Any CPU
		{DB8970AD-EA9A-411D-BC79-7E80C8242529}.Release|Any CPU.ActiveCfg = Release|Any CPU
		{DB8970AD-EA9A-411D-BC79-7E80C8242529}.Release|Any CPU.Build.0 = Release|Any CPU
		{DB8970AD-EA9A-411D-BC79-7E80C8242529}.Release|x86.ActiveCfg = Release|Any CPU
		{DB8970AD-EA9A-411D-BC79-7E80C8242529}.Release|x86.Build.0 = Release|Any CPU
		{338383D7-8812-4095-BD19-1ED3E957BC72}.Debug|Any CPU.ActiveCfg = Debug|Any CPU
		{338383D7-8812-4095-BD19-1ED3E957BC72}.Debug|Any CPU.Build.0 = Debug|Any CPU
		{338383D7-8812-4095-BD19-1ED3E957BC72}.Debug|x86.ActiveCfg = Debug|Any CPU
		{338383D7-8812-4095-BD19-1ED3E957BC72}.Debug|x86.Build.0 = Debug|Any CPU
		{338383D7-8812-4095-BD19-1ED3E957BC72}.Release|Any CPU.ActiveCfg = Release|Any CPU
		{338383D7-8812-4095-BD19-1ED3E957BC72}.Release|Any CPU.Build.0 = Release|Any CPU
		{338383D7-8812-4095-BD19-1ED3E957BC72}.Release|x86.ActiveCfg = Release|Any CPU
		{338383D7-8812-4095-BD19-1ED3E957BC72}.Release|x86.Build.0 = Release|Any CPU
		{1BD7180E-1DC0-4A4F-A4A1-829603058F6F}.Debug|Any CPU.ActiveCfg = Debug|Any CPU
		{1BD7180E-1DC0-4A4F-A4A1-829603058F6F}.Debug|Any CPU.Build.0 = Debug|Any CPU
		{1BD7180E-1DC0-4A4F-A4A1-829603058F6F}.Debug|x86.ActiveCfg = Debug|Any CPU
		{1BD7180E-1DC0-4A4F-A4A1-829603058F6F}.Debug|x86.Build.0 = Debug|Any CPU
		{1BD7180E-1DC0-4A4F-A4A1-829603058F6F}.Release|Any CPU.ActiveCfg = Release|Any CPU
		{1BD7180E-1DC0-4A4F-A4A1-829603058F6F}.Release|Any CPU.Build.0 = Release|Any CPU
		{1BD7180E-1DC0-4A4F-A4A1-829603058F6F}.Release|x86.ActiveCfg = Release|Any CPU
		{1BD7180E-1DC0-4A4F-A4A1-829603058F6F}.Release|x86.Build.0 = Release|Any CPU
	EndGlobalSection
	GlobalSection(SolutionProperties) = preSolution
		HideSolutionNode = FALSE
	EndGlobalSection
	GlobalSection(NestedProjects) = preSolution
		{A6CC15C7-012B-49F3-9F34-B5AD3E23349C} = {6C7DB2BB-7298-44A7-B651-48CA5799C563}
		{07AEAE6E-EF1B-4CFB-818C-DD266FBACFDB} = {D4922191-D92D-48F1-AD73-FD69C294784E}
		{2969C310-E58C-45FC-A1F0-9D4E2AB2DAF5} = {D4922191-D92D-48F1-AD73-FD69C294784E}
		{2A9EA658-8520-4925-8A66-4C7B067F08F8} = {C1A4423D-D37F-41AC-84D0-D553D49D9DF0}
		{3EC44BA5-08DD-491C-A0BB-0CF89748F2E8} = {C1A4423D-D37F-41AC-84D0-D553D49D9DF0}
		{F0CA9633-BDBF-483A-BC81-801C9329E760} = {6C7DB2BB-7298-44A7-B651-48CA5799C563}
		{DBE7EC81-B2B3-472C-B434-B5698686AFB4} = {6C7DB2BB-7298-44A7-B651-48CA5799C563}
		{DB8970AD-EA9A-411D-BC79-7E80C8242529} = {6C7DB2BB-7298-44A7-B651-48CA5799C563}
		{338383D7-8812-4095-BD19-1ED3E957BC72} = {6C7DB2BB-7298-44A7-B651-48CA5799C563}
		{1BD7180E-1DC0-4A4F-A4A1-829603058F6F} = {6C7DB2BB-7298-44A7-B651-48CA5799C563}
	EndGlobalSection
	GlobalSection(ExtensibilityGlobals) = postSolution
		SolutionGuid = {197C6DD8-C347-4916-A1D3-B9CEA36D5593}
	EndGlobalSection
EndGlobal
